
Microsoft Visual Studio Solution File, Format Version 12.00
# Visual Studio Version 17
VisualStudioVersion = 17.4.33110.190
MinimumVisualStudioVersion = 10.0.40219.1
Project("{9A19103F-16F7-4668-BE54-9A1E7A4F7556}") = "Day01", "Day01\Day01.csproj", "{8910435E-24FC-40AC-87CC-0F1689561E68}"
EndProject
Project("{9A19103F-16F7-4668-BE54-9A1E7A4F7556}") = "Day02", "Day02\Day02.csproj", "{FDB99648-8A68-442A-B1EF-F23405C296A1}"
EndProject
Project("{9A19103F-16F7-4668-BE54-9A1E7A4F7556}") = "Day03", "Day03\Day03.csproj", "{7DBD905B-C5F3-4250-A891-54EFF6AD94BE}"
EndProject
Project("{9A19103F-16F7-4668-BE54-9A1E7A4F7556}") = "Day04", "Day04\Day04.csproj", "{A430988E-5986-4274-A9DC-6B315C7322A5}"
EndProject
Project("{9A19103F-16F7-4668-BE54-9A1E7A4F7556}") = "Day05", "Day05\Day05.csproj", "{59A280D4-1C47-4C96-82AC-BD79FCDBAA4F}"
EndProject
Project("{9A19103F-16F7-4668-BE54-9A1E7A4F7556}") = "Day06", "Day06\Day06.csproj", "{4C85A7C2-8B8A-448F-A2A3-0F145FEAEB44}"
EndProject
Project("{9A19103F-16F7-4668-BE54-9A1E7A4F7556}") = "Day07", "Day07\Day07.csproj", "{557828F8-8803-4F70-9671-86E845CC1D8E}"
EndProject
Project("{9A19103F-16F7-4668-BE54-9A1E7A4F7556}") = "Day08", "Day08\Day08.csproj", "{91293F77-B680-4AA0-89F0-C7BBCD6413AF}"
EndProject
Project("{9A19103F-16F7-4668-BE54-9A1E7A4F7556}") = "Day09", "Day09\Day09.csproj", "{8746C9B4-016C-4F09-986E-3DF385B9031A}"
EndProject
Project("{9A19103F-16F7-4668-BE54-9A1E7A4F7556}") = "Day10", "Day10\Day10.csproj", "{FF9FEF79-D501-45AB-A37F-89789355CF0F}"
EndProject
Project("{9A19103F-16F7-4668-BE54-9A1E7A4F7556}") = "Day11", "Day11\Day11.csproj", "{45FCC229-9ECF-4504-A85E-C206EEFCB216}"
EndProject
Project("{9A19103F-16F7-4668-BE54-9A1E7A4F7556}") = "Day12", "Day12\Day12.csproj", "{78AB4068-F0E1-4140-A531-1564AA7E4303}"
EndProject
Project("{9A19103F-16F7-4668-BE54-9A1E7A4F7556}") = "Day13", "Day13\Day13.csproj", "{F29BFD16-D62C-403B-B254-7D85FD317403}"
EndProject
Project("{9A19103F-16F7-4668-BE54-9A1E7A4F7556}") = "Day14", "Day14\Day14.csproj", "{5E0B6880-0F03-4110-81B1-DE3E9482190E}"
EndProject
Project("{9A19103F-16F7-4668-BE54-9A1E7A4F7556}") = "Day15", "Day15\Day15.csproj", "{B91EEFFD-5B62-4037-BD00-4920FB5F06C6}"
EndProject
Project("{9A19103F-16F7-4668-BE54-9A1E7A4F7556}") = "Day16", "Day16\Day16.csproj", "{AA5CBE8B-BD4A-4BD2-B4CD-4BFE962F51C3}"
EndProject
Project("{9A19103F-16F7-4668-BE54-9A1E7A4F7556}") = "Day17", "Day17\Day17.csproj", "{5AC610D6-54B3-4496-ABD6-8557C07F6722}"
EndProject
Project("{9A19103F-16F7-4668-BE54-9A1E7A4F7556}") = "Day18", "Day18\Day18.csproj", "{1B335CD5-5283-487C-AB4E-7BEE0C9D0D52}"
EndProject
Project("{9A19103F-16F7-4668-BE54-9A1E7A4F7556}") = "Day19", "Day19\Day19.csproj", "{3AFD3583-BF61-47C8-9F69-5CB453C9DDFD}"
EndProject
Project("{9A19103F-16F7-4668-BE54-9A1E7A4F7556}") = "Day20", "Day20\Day20.csproj", "{36A67DEA-A1BC-405F-8742-1278A5A056F9}"
EndProject
Project("{9A19103F-16F7-4668-BE54-9A1E7A4F7556}") = "Day21", "Day21\Day21.csproj", "{F91ACC3D-E58A-429A-9290-91965444FB5E}"
EndProject
Project("{9A19103F-16F7-4668-BE54-9A1E7A4F7556}") = "Day22", "Day22\Day22.csproj", "{08C1AA7A-7B50-4360-A5BC-0CBE50D12F7D}"
EndProject
Project("{9A19103F-16F7-4668-BE54-9A1E7A4F7556}") = "Day23", "Day23\Day23.csproj", "{526A1419-C004-47DE-A895-FCAF615F8A4A}"
EndProject
Project("{9A19103F-16F7-4668-BE54-9A1E7A4F7556}") = "Day24", "Day24\Day24.csproj", "{42B40D55-9BB9-4003-852A-60E8B32208EB}"
EndProject
Project("{9A19103F-16F7-4668-BE54-9A1E7A4F7556}") = "Day25", "Day25\Day25.csproj", "{479F06C4-68A1-4FC6-8DB8-3B89C5EADF38}"
EndProject
Project("{FAE04EC0-301F-11D3-BF4B-00C04F79EFBC}") = "Apt8.Utilities.InputParser.Lib", "Apt8.Utilities.InputParser.Lib\Apt8.Utilities.InputParser.Lib.csproj", "{32114367-2901-4F17-BB89-3B3190992AEA}"
EndProject
Project("{FAE04EC0-301F-11D3-BF4B-00C04F79EFBC}") = "Challenge-Setup", "Challenge-Setup\Challenge-Setup.csproj", "{41307047-F277-434D-85D6-2722233F2852}"
EndProject
Project("{FAE04EC0-301F-11D3-BF4B-00C04F79EFBC}") = "AOCProject", "AOCProject\AOCProject.csproj", "{152F4590-7D4F-4C95-9098-633F76567955}"
EndProject
Global
	GlobalSection(SolutionConfigurationPlatforms) = preSolution
		Debug|Any CPU = Debug|Any CPU
		Release|Any CPU = Release|Any CPU
	EndGlobalSection
	GlobalSection(ProjectConfigurationPlatforms) = postSolution
		{8910435E-24FC-40AC-87CC-0F1689561E68}.Debug|Any CPU.ActiveCfg = Debug|Any CPU
		{8910435E-24FC-40AC-87CC-0F1689561E68}.Debug|Any CPU.Build.0 = Debug|Any CPU
		{8910435E-24FC-40AC-87CC-0F1689561E68}.Release|Any CPU.ActiveCfg = Release|Any CPU
		{8910435E-24FC-40AC-87CC-0F1689561E68}.Release|Any CPU.Build.0 = Release|Any CPU
		{FDB99648-8A68-442A-B1EF-F23405C296A1}.Debug|Any CPU.ActiveCfg = Debug|Any CPU
		{FDB99648-8A68-442A-B1EF-F23405C296A1}.Debug|Any CPU.Build.0 = Debug|Any CPU
		{FDB99648-8A68-442A-B1EF-F23405C296A1}.Release|Any CPU.ActiveCfg = Release|Any CPU
		{FDB99648-8A68-442A-B1EF-F23405C296A1}.Release|Any CPU.Build.0 = Release|Any CPU
		{7DBD905B-C5F3-4250-A891-54EFF6AD94BE}.Debug|Any CPU.ActiveCfg = Debug|Any CPU
		{7DBD905B-C5F3-4250-A891-54EFF6AD94BE}.Debug|Any CPU.Build.0 = Debug|Any CPU
		{7DBD905B-C5F3-4250-A891-54EFF6AD94BE}.Release|Any CPU.ActiveCfg = Release|Any CPU
		{7DBD905B-C5F3-4250-A891-54EFF6AD94BE}.Release|Any CPU.Build.0 = Release|Any CPU
		{A430988E-5986-4274-A9DC-6B315C7322A5}.Debug|Any CPU.ActiveCfg = Debug|Any CPU
		{A430988E-5986-4274-A9DC-6B315C7322A5}.Debug|Any CPU.Build.0 = Debug|Any CPU
		{A430988E-5986-4274-A9DC-6B315C7322A5}.Release|Any CPU.ActiveCfg = Release|Any CPU
		{A430988E-5986-4274-A9DC-6B315C7322A5}.Release|Any CPU.Build.0 = Release|Any CPU
		{59A280D4-1C47-4C96-82AC-BD79FCDBAA4F}.Debug|Any CPU.ActiveCfg = Debug|Any CPU
		{59A280D4-1C47-4C96-82AC-BD79FCDBAA4F}.Debug|Any CPU.Build.0 = Debug|Any CPU
		{59A280D4-1C47-4C96-82AC-BD79FCDBAA4F}.Release|Any CPU.ActiveCfg = Release|Any CPU
		{59A280D4-1C47-4C96-82AC-BD79FCDBAA4F}.Release|Any CPU.Build.0 = Release|Any CPU
		{4C85A7C2-8B8A-448F-A2A3-0F145FEAEB44}.Debug|Any CPU.ActiveCfg = Debug|Any CPU
		{4C85A7C2-8B8A-448F-A2A3-0F145FEAEB44}.Debug|Any CPU.Build.0 = Debug|Any CPU
		{4C85A7C2-8B8A-448F-A2A3-0F145FEAEB44}.Release|Any CPU.ActiveCfg = Release|Any CPU
		{4C85A7C2-8B8A-448F-A2A3-0F145FEAEB44}.Release|Any CPU.Build.0 = Release|Any CPU
		{557828F8-8803-4F70-9671-86E845CC1D8E}.Debug|Any CPU.ActiveCfg = Debug|Any CPU
		{557828F8-8803-4F70-9671-86E845CC1D8E}.Debug|Any CPU.Build.0 = Debug|Any CPU
		{557828F8-8803-4F70-9671-86E845CC1D8E}.Release|Any CPU.ActiveCfg = Release|Any CPU
		{557828F8-8803-4F70-9671-86E845CC1D8E}.Release|Any CPU.Build.0 = Release|Any CPU
		{91293F77-B680-4AA0-89F0-C7BBCD6413AF}.Debug|Any CPU.ActiveCfg = Debug|Any CPU
		{91293F77-B680-4AA0-89F0-C7BBCD6413AF}.Debug|Any CPU.Build.0 = Debug|Any CPU
		{91293F77-B680-4AA0-89F0-C7BBCD6413AF}.Release|Any CPU.ActiveCfg = Release|Any CPU
		{91293F77-B680-4AA0-89F0-C7BBCD6413AF}.Release|Any CPU.Build.0 = Release|Any CPU
		{8746C9B4-016C-4F09-986E-3DF385B9031A}.Debug|Any CPU.ActiveCfg = Debug|Any CPU
		{8746C9B4-016C-4F09-986E-3DF385B9031A}.Debug|Any CPU.Build.0 = Debug|Any CPU
		{8746C9B4-016C-4F09-986E-3DF385B9031A}.Release|Any CPU.ActiveCfg = Release|Any CPU
		{8746C9B4-016C-4F09-986E-3DF385B9031A}.Release|Any CPU.Build.0 = Release|Any CPU
		{FF9FEF79-D501-45AB-A37F-89789355CF0F}.Debug|Any CPU.ActiveCfg = Debug|Any CPU
		{FF9FEF79-D501-45AB-A37F-89789355CF0F}.Debug|Any CPU.Build.0 = Debug|Any CPU
		{FF9FEF79-D501-45AB-A37F-89789355CF0F}.Release|Any CPU.ActiveCfg = Release|Any CPU
		{FF9FEF79-D501-45AB-A37F-89789355CF0F}.Release|Any CPU.Build.0 = Release|Any CPU
		{45FCC229-9ECF-4504-A85E-C206EEFCB216}.Debug|Any CPU.ActiveCfg = Debug|Any CPU
		{45FCC229-9ECF-4504-A85E-C206EEFCB216}.Debug|Any CPU.Build.0 = Debug|Any CPU
		{45FCC229-9ECF-4504-A85E-C206EEFCB216}.Release|Any CPU.ActiveCfg = Release|Any CPU
		{45FCC229-9ECF-4504-A85E-C206EEFCB216}.Release|Any CPU.Build.0 = Release|Any CPU
		{78AB4068-F0E1-4140-A531-1564AA7E4303}.Debug|Any CPU.ActiveCfg = Debug|Any CPU
		{78AB4068-F0E1-4140-A531-1564AA7E4303}.Debug|Any CPU.Build.0 = Debug|Any CPU
		{78AB4068-F0E1-4140-A531-1564AA7E4303}.Release|Any CPU.ActiveCfg = Release|Any CPU
		{78AB4068-F0E1-4140-A531-1564AA7E4303}.Release|Any CPU.Build.0 = Release|Any CPU
		{F29BFD16-D62C-403B-B254-7D85FD317403}.Debug|Any CPU.ActiveCfg = Debug|Any CPU
		{F29BFD16-D62C-403B-B254-7D85FD317403}.Debug|Any CPU.Build.0 = Debug|Any CPU
		{F29BFD16-D62C-403B-B254-7D85FD317403}.Release|Any CPU.ActiveCfg = Release|Any CPU
		{F29BFD16-D62C-403B-B254-7D85FD317403}.Release|Any CPU.Build.0 = Release|Any CPU
		{5E0B6880-0F03-4110-81B1-DE3E9482190E}.Debug|Any CPU.ActiveCfg = Debug|Any CPU
		{5E0B6880-0F03-4110-81B1-DE3E9482190E}.Debug|Any CPU.Build.0 = Debug|Any CPU
		{5E0B6880-0F03-4110-81B1-DE3E9482190E}.Release|Any CPU.ActiveCfg = Release|Any CPU
		{5E0B6880-0F03-4110-81B1-DE3E9482190E}.Release|Any CPU.Build.0 = Release|Any CPU
		{B91EEFFD-5B62-4037-BD00-4920FB5F06C6}.Debug|Any CPU.ActiveCfg = Debug|Any CPU
		{B91EEFFD-5B62-4037-BD00-4920FB5F06C6}.Debug|Any CPU.Build.0 = Debug|Any CPU
		{B91EEFFD-5B62-4037-BD00-4920FB5F06C6}.Release|Any CPU.ActiveCfg = Release|Any CPU
		{B91EEFFD-5B62-4037-BD00-4920FB5F06C6}.Release|Any CPU.Build.0 = Release|Any CPU
		{AA5CBE8B-BD4A-4BD2-B4CD-4BFE962F51C3}.Debug|Any CPU.ActiveCfg = Debug|Any CPU
		{AA5CBE8B-BD4A-4BD2-B4CD-4BFE962F51C3}.Debug|Any CPU.Build.0 = Debug|Any CPU
		{AA5CBE8B-BD4A-4BD2-B4CD-4BFE962F51C3}.Release|Any CPU.ActiveCfg = Release|Any CPU
		{AA5CBE8B-BD4A-4BD2-B4CD-4BFE962F51C3}.Release|Any CPU.Build.0 = Release|Any CPU
		{5AC610D6-54B3-4496-ABD6-8557C07F6722}.Debug|Any CPU.ActiveCfg = Debug|Any CPU
		{5AC610D6-54B3-4496-ABD6-8557C07F6722}.Debug|Any CPU.Build.0 = Debug|Any CPU
		{5AC610D6-54B3-4496-ABD6-8557C07F6722}.Release|Any CPU.ActiveCfg = Release|Any CPU
		{5AC610D6-54B3-4496-ABD6-8557C07F6722}.Release|Any CPU.Build.0 = Release|Any CPU
		{1B335CD5-5283-487C-AB4E-7BEE0C9D0D52}.Debug|Any CPU.ActiveCfg = Debug|Any CPU
		{1B335CD5-5283-487C-AB4E-7BEE0C9D0D52}.Debug|Any CPU.Build.0 = Debug|Any CPU
		{1B335CD5-5283-487C-AB4E-7BEE0C9D0D52}.Release|Any CPU.ActiveCfg = Release|Any CPU
		{1B335CD5-5283-487C-AB4E-7BEE0C9D0D52}.Release|Any CPU.Build.0 = Release|Any CPU
		{3AFD3583-BF61-47C8-9F69-5CB453C9DDFD}.Debug|Any CPU.ActiveCfg = Debug|Any CPU
		{3AFD3583-BF61-47C8-9F69-5CB453C9DDFD}.Debug|Any CPU.Build.0 = Debug|Any CPU
		{3AFD3583-BF61-47C8-9F69-5CB453C9DDFD}.Release|Any CPU.ActiveCfg = Release|Any CPU
		{3AFD3583-BF61-47C8-9F69-5CB453C9DDFD}.Release|Any CPU.Build.0 = Release|Any CPU
		{36A67DEA-A1BC-405F-8742-1278A5A056F9}.Debug|Any CPU.ActiveCfg = Debug|Any CPU
		{36A67DEA-A1BC-405F-8742-1278A5A056F9}.Debug|Any CPU.Build.0 = Debug|Any CPU
		{36A67DEA-A1BC-405F-8742-1278A5A056F9}.Release|Any CPU.ActiveCfg = Release|Any CPU
		{36A67DEA-A1BC-405F-8742-1278A5A056F9}.Release|Any CPU.Build.0 = Release|Any CPU
		{F91ACC3D-E58A-429A-9290-91965444FB5E}.Debug|Any CPU.ActiveCfg = Debug|Any CPU
		{F91ACC3D-E58A-429A-9290-91965444FB5E}.Debug|Any CPU.Build.0 = Debug|Any CPU
		{F91ACC3D-E58A-429A-9290-91965444FB5E}.Release|Any CPU.ActiveCfg = Release|Any CPU
		{F91ACC3D-E58A-429A-9290-91965444FB5E}.Release|Any CPU.Build.0 = Release|Any CPU
		{08C1AA7A-7B50-4360-A5BC-0CBE50D12F7D}.Debug|Any CPU.ActiveCfg = Debug|Any CPU
		{08C1AA7A-7B50-4360-A5BC-0CBE50D12F7D}.Debug|Any CPU.Build.0 = Debug|Any CPU
		{08C1AA7A-7B50-4360-A5BC-0CBE50D12F7D}.Release|Any CPU.ActiveCfg = Release|Any CPU
		{08C1AA7A-7B50-4360-A5BC-0CBE50D12F7D}.Release|Any CPU.Build.0 = Release|Any CPU
		{526A1419-C004-47DE-A895-FCAF615F8A4A}.Debug|Any CPU.ActiveCfg = Debug|Any CPU
		{526A1419-C004-47DE-A895-FCAF615F8A4A}.Debug|Any CPU.Build.0 = Debug|Any CPU
		{526A1419-C004-47DE-A895-FCAF615F8A4A}.Release|Any CPU.ActiveCfg = Release|Any CPU
		{526A1419-C004-47DE-A895-FCAF615F8A4A}.Release|Any CPU.Build.0 = Release|Any CPU
		{42B40D55-9BB9-4003-852A-60E8B32208EB}.Debug|Any CPU.ActiveCfg = Debug|Any CPU
		{42B40D55-9BB9-4003-852A-60E8B32208EB}.Debug|Any CPU.Build.0 = Debug|Any CPU
		{42B40D55-9BB9-4003-852A-60E8B32208EB}.Release|Any CPU.ActiveCfg = Release|Any CPU
		{42B40D55-9BB9-4003-852A-60E8B32208EB}.Release|Any CPU.Build.0 = Release|Any CPU
		{479F06C4-68A1-4FC6-8DB8-3B89C5EADF38}.Debug|Any CPU.ActiveCfg = Debug|Any CPU
		{479F06C4-68A1-4FC6-8DB8-3B89C5EADF38}.Debug|Any CPU.Build.0 = Debug|Any CPU
		{479F06C4-68A1-4FC6-8DB8-3B89C5EADF38}.Release|Any CPU.ActiveCfg = Release|Any CPU
		{479F06C4-68A1-4FC6-8DB8-3B89C5EADF38}.Release|Any CPU.Build.0 = Release|Any CPU
		{32114367-2901-4F17-BB89-3B3190992AEA}.Debug|Any CPU.ActiveCfg = Debug|Any CPU
		{32114367-2901-4F17-BB89-3B3190992AEA}.Debug|Any CPU.Build.0 = Debug|Any CPU
		{32114367-2901-4F17-BB89-3B3190992AEA}.Release|Any CPU.ActiveCfg = Release|Any CPU
		{32114367-2901-4F17-BB89-3B3190992AEA}.Release|Any CPU.Build.0 = Release|Any CPU
		{41307047-F277-434D-85D6-2722233F2852}.Debug|Any CPU.ActiveCfg = Debug|Any CPU
		{41307047-F277-434D-85D6-2722233F2852}.Debug|Any CPU.Build.0 = Debug|Any CPU
		{41307047-F277-434D-85D6-2722233F2852}.Release|Any CPU.ActiveCfg = Release|Any CPU
		{41307047-F277-434D-85D6-2722233F2852}.Release|Any CPU.Build.0 = Release|Any CPU
		{152F4590-7D4F-4C95-9098-633F76567955}.Debug|Any CPU.ActiveCfg = Debug|Any CPU
		{152F4590-7D4F-4C95-9098-633F76567955}.Debug|Any CPU.Build.0 = Debug|Any CPU
		{152F4590-7D4F-4C95-9098-633F76567955}.Release|Any CPU.ActiveCfg = Release|Any CPU
		{152F4590-7D4F-4C95-9098-633F76567955}.Release|Any CPU.Build.0 = Release|Any CPU
	EndGlobalSection
	GlobalSection(SolutionProperties) = preSolution
		HideSolutionNode = FALSE
	EndGlobalSection
	GlobalSection(ExtensibilityGlobals) = postSolution
		SolutionGuid = {348C3DD3-4AC7-4BA3-8CB6-08238CA3F461}
	EndGlobalSection
EndGlobal
